// !$*UTF8*$!
{
	archiveVersion = 1;
	classes = {
	};
	objectVersion = 51;
	objects = {

/* Begin PBXBuildFile section */
		10274CD125038D5E003D5442 /* Question.swift in Sources */ = {isa = PBXBuildFile; fileRef = 10274CD025038D5E003D5442 /* Question.swift */; };
		4C5F91BF2500CBDE008E73C0 /* AppDelegate.swift in Sources */ = {isa = PBXBuildFile; fileRef = 4C5F91BE2500CBDE008E73C0 /* AppDelegate.swift */; };
		4C5F91C12500CBDE008E73C0 /* SceneDelegate.swift in Sources */ = {isa = PBXBuildFile; fileRef = 4C5F91C02500CBDE008E73C0 /* SceneDelegate.swift */; };
		4C5F91C32500CBDE008E73C0 /* LoginViewController.swift in Sources */ = {isa = PBXBuildFile; fileRef = 4C5F91C22500CBDE008E73C0 /* LoginViewController.swift */; };
		4C5F91C62500CBDE008E73C0 /* Main.storyboard in Resources */ = {isa = PBXBuildFile; fileRef = 4C5F91C42500CBDE008E73C0 /* Main.storyboard */; };
		4C5F91C82500CBE0008E73C0 /* Assets.xcassets in Resources */ = {isa = PBXBuildFile; fileRef = 4C5F91C72500CBE0008E73C0 /* Assets.xcassets */; };
		4C5F91CB2500CBE0008E73C0 /* LaunchScreen.storyboard in Resources */ = {isa = PBXBuildFile; fileRef = 4C5F91C92500CBE0008E73C0 /* LaunchScreen.storyboard */; };
		4C5F91D72500D344008E73C0 /* CategoryViewController.swift in Sources */ = {isa = PBXBuildFile; fileRef = 4C5F91D62500D344008E73C0 /* CategoryViewController.swift */; };
		4C5F91D92500D35A008E73C0 /* GameViewController.swift in Sources */ = {isa = PBXBuildFile; fileRef = 4C5F91D82500D35A008E73C0 /* GameViewController.swift */; };
		4C5F91DB2500D368008E73C0 /* ScoreViewController.swift in Sources */ = {isa = PBXBuildFile; fileRef = 4C5F91DA2500D368008E73C0 /* ScoreViewController.swift */; };
		4C5F91DD2500DB6B008E73C0 /* GoogleService-Info.plist in Resources */ = {isa = PBXBuildFile; fileRef = 4C5F91DC2500DB6B008E73C0 /* GoogleService-Info.plist */; };
		4C5F91E02500F570008E73C0 /* FirebaseChild.swift in Sources */ = {isa = PBXBuildFile; fileRef = 4C5F91DF2500F570008E73C0 /* FirebaseChild.swift */; };
		4CC113052504FE0C005E139B /* AnswerTableViewCell.swift in Sources */ = {isa = PBXBuildFile; fileRef = 4CC113032504FE0C005E139B /* AnswerTableViewCell.swift */; };
		4CC113062504FE0C005E139B /* AnswerTableViewCell.xib in Resources */ = {isa = PBXBuildFile; fileRef = 4CC113042504FE0C005E139B /* AnswerTableViewCell.xib */; };
		51EDC968D3015508540EF0B5 /* Pods_GameProject.framework in Frameworks */ = {isa = PBXBuildFile; fileRef = 52AD25FA168AABCCF2E3FCB3 /* Pods_GameProject.framework */; };
/* End PBXBuildFile section */

/* Begin PBXFileReference section */
		10274CD025038D5E003D5442 /* Question.swift */ = {isa = PBXFileReference; lastKnownFileType = sourcecode.swift; path = Question.swift; sourceTree = "<group>"; };
		47680056CF5571CB3105F1FE /* Pods-GameProject.release.xcconfig */ = {isa = PBXFileReference; includeInIndex = 1; lastKnownFileType = text.xcconfig; name = "Pods-GameProject.release.xcconfig"; path = "Target Support Files/Pods-GameProject/Pods-GameProject.release.xcconfig"; sourceTree = "<group>"; };
		4C5F91BB2500CBDE008E73C0 /* GameProject.app */ = {isa = PBXFileReference; explicitFileType = wrapper.application; includeInIndex = 0; path = GameProject.app; sourceTree = BUILT_PRODUCTS_DIR; };
		4C5F91BE2500CBDE008E73C0 /* AppDelegate.swift */ = {isa = PBXFileReference; lastKnownFileType = sourcecode.swift; path = AppDelegate.swift; sourceTree = "<group>"; };
		4C5F91C02500CBDE008E73C0 /* SceneDelegate.swift */ = {isa = PBXFileReference; lastKnownFileType = sourcecode.swift; path = SceneDelegate.swift; sourceTree = "<group>"; };
		4C5F91C22500CBDE008E73C0 /* LoginViewController.swift */ = {isa = PBXFileReference; lastKnownFileType = sourcecode.swift; path = LoginViewController.swift; sourceTree = "<group>"; };
		4C5F91C52500CBDE008E73C0 /* Base */ = {isa = PBXFileReference; lastKnownFileType = file.storyboard; name = Base; path = Base.lproj/Main.storyboard; sourceTree = "<group>"; };
		4C5F91C72500CBE0008E73C0 /* Assets.xcassets */ = {isa = PBXFileReference; lastKnownFileType = folder.assetcatalog; path = Assets.xcassets; sourceTree = "<group>"; };
		4C5F91CA2500CBE0008E73C0 /* Base */ = {isa = PBXFileReference; lastKnownFileType = file.storyboard; name = Base; path = Base.lproj/LaunchScreen.storyboard; sourceTree = "<group>"; };
		4C5F91CC2500CBE0008E73C0 /* Info.plist */ = {isa = PBXFileReference; lastKnownFileType = text.plist.xml; path = Info.plist; sourceTree = "<group>"; };
		4C5F91D62500D344008E73C0 /* CategoryViewController.swift */ = {isa = PBXFileReference; lastKnownFileType = sourcecode.swift; path = CategoryViewController.swift; sourceTree = "<group>"; };
		4C5F91D82500D35A008E73C0 /* GameViewController.swift */ = {isa = PBXFileReference; lastKnownFileType = sourcecode.swift; path = GameViewController.swift; sourceTree = "<group>"; };
		4C5F91DA2500D368008E73C0 /* ScoreViewController.swift */ = {isa = PBXFileReference; lastKnownFileType = sourcecode.swift; path = ScoreViewController.swift; sourceTree = "<group>"; };
		4C5F91DC2500DB6B008E73C0 /* GoogleService-Info.plist */ = {isa = PBXFileReference; fileEncoding = 4; lastKnownFileType = text.plist.xml; path = "GoogleService-Info.plist"; sourceTree = "<group>"; };
		4C5F91DF2500F570008E73C0 /* FirebaseChild.swift */ = {isa = PBXFileReference; lastKnownFileType = sourcecode.swift; path = FirebaseChild.swift; sourceTree = "<group>"; };
		4CC113032504FE0C005E139B /* AnswerTableViewCell.swift */ = {isa = PBXFileReference; lastKnownFileType = sourcecode.swift; path = AnswerTableViewCell.swift; sourceTree = "<group>"; };
		4CC113042504FE0C005E139B /* AnswerTableViewCell.xib */ = {isa = PBXFileReference; lastKnownFileType = file.xib; path = AnswerTableViewCell.xib; sourceTree = "<group>"; };
		52AD25FA168AABCCF2E3FCB3 /* Pods_GameProject.framework */ = {isa = PBXFileReference; explicitFileType = wrapper.framework; includeInIndex = 0; path = Pods_GameProject.framework; sourceTree = BUILT_PRODUCTS_DIR; };
		6A517072E4C3C2573D1E8FAE /* Pods-GameProject.debug.xcconfig */ = {isa = PBXFileReference; includeInIndex = 1; lastKnownFileType = text.xcconfig; name = "Pods-GameProject.debug.xcconfig"; path = "Target Support Files/Pods-GameProject/Pods-GameProject.debug.xcconfig"; sourceTree = "<group>"; };
/* End PBXFileReference section */

/* Begin PBXFrameworksBuildPhase section */
		4C5F91B82500CBDE008E73C0 /* Frameworks */ = {
			isa = PBXFrameworksBuildPhase;
			buildActionMask = 2147483647;
			files = (
				51EDC968D3015508540EF0B5 /* Pods_GameProject.framework in Frameworks */,
			);
			runOnlyForDeploymentPostprocessing = 0;
		};
/* End PBXFrameworksBuildPhase section */

/* Begin PBXGroup section */
		10274CCF25038D4A003D5442 /* Model */ = {
			isa = PBXGroup;
			children = (
				10274CD025038D5E003D5442 /* Question.swift */,
			);
			path = Model;
			sourceTree = "<group>";
		};
		2615D3ACFD310EC2A0D4A72C /* Frameworks */ = {
			isa = PBXGroup;
			children = (
				52AD25FA168AABCCF2E3FCB3 /* Pods_GameProject.framework */,
			);
			name = Frameworks;
			sourceTree = "<group>";
		};
		4C5F91B22500CBDE008E73C0 = {
			isa = PBXGroup;
			children = (
				4C5F91BD2500CBDE008E73C0 /* GameProject */,
				4C5F91BC2500CBDE008E73C0 /* Products */,
				DCE6A514607D8FC9EBDC77A6 /* Pods */,
				2615D3ACFD310EC2A0D4A72C /* Frameworks */,
			);
			sourceTree = "<group>";
		};
		4C5F91BC2500CBDE008E73C0 /* Products */ = {
			isa = PBXGroup;
			children = (
				4C5F91BB2500CBDE008E73C0 /* GameProject.app */,
			);
			name = Products;
			sourceTree = "<group>";
		};
		4C5F91BD2500CBDE008E73C0 /* GameProject */ = {
			isa = PBXGroup;
			children = (
				10274CCF25038D4A003D5442 /* Model */,
				4C5F91D32500D26F008E73C0 /* View */,
				4C5F91D22500D262008E73C0 /* Controller */,
				4C5F91DE2500F527008E73C0 /* Unit */,
				4C5F91D52500D27B008E73C0 /* Support */,
				4C5F91CC2500CBE0008E73C0 /* Info.plist */,
			);
			path = GameProject;
			sourceTree = "<group>";
		};
		4C5F91D22500D262008E73C0 /* Controller */ = {
			isa = PBXGroup;
			children = (
				4C5F91C22500CBDE008E73C0 /* LoginViewController.swift */,
				4C5F91D62500D344008E73C0 /* CategoryViewController.swift */,
				4C5F91D82500D35A008E73C0 /* GameViewController.swift */,
				4C5F91DA2500D368008E73C0 /* ScoreViewController.swift */,
			);
			path = Controller;
			sourceTree = "<group>";
		};
		4C5F91D32500D26F008E73C0 /* View */ = {
			isa = PBXGroup;
			children = (
				4CC113002504FD31005E139B /* Cell */,
				4C5F91C92500CBE0008E73C0 /* LaunchScreen.storyboard */,
				4C5F91C42500CBDE008E73C0 /* Main.storyboard */,
			);
			path = View;
			sourceTree = "<group>";
		};
		4C5F91D52500D27B008E73C0 /* Support */ = {
			isa = PBXGroup;
			children = (
				4C5F91DC2500DB6B008E73C0 /* GoogleService-Info.plist */,
				4C5F91BE2500CBDE008E73C0 /* AppDelegate.swift */,
				4C5F91C02500CBDE008E73C0 /* SceneDelegate.swift */,
				4C5F91C72500CBE0008E73C0 /* Assets.xcassets */,
			);
			path = Support;
			sourceTree = "<group>";
		};
		4C5F91DE2500F527008E73C0 /* Unit */ = {
			isa = PBXGroup;
			children = (
				4C5F91DF2500F570008E73C0 /* FirebaseChild.swift */,
			);
			path = Unit;
			sourceTree = "<group>";
		};
		4CC113002504FD31005E139B /* Cell */ = {
			isa = PBXGroup;
			children = (
				4CC113032504FE0C005E139B /* AnswerTableViewCell.swift */,
				4CC113042504FE0C005E139B /* AnswerTableViewCell.xib */,
			);
			path = Cell;
			sourceTree = "<group>";
		};
		DCE6A514607D8FC9EBDC77A6 /* Pods */ = {
			isa = PBXGroup;
			children = (
				6A517072E4C3C2573D1E8FAE /* Pods-GameProject.debug.xcconfig */,
				47680056CF5571CB3105F1FE /* Pods-GameProject.release.xcconfig */,
			);
			path = Pods;
			sourceTree = "<group>";
		};
/* End PBXGroup section */

/* Begin PBXNativeTarget section */
		4C5F91BA2500CBDE008E73C0 /* GameProject */ = {
			isa = PBXNativeTarget;
			buildConfigurationList = 4C5F91CF2500CBE0008E73C0 /* Build configuration list for PBXNativeTarget "GameProject" */;
			buildPhases = (
				0D48C1A162D3292C2A69D025 /* [CP] Check Pods Manifest.lock */,
				4C5F91B72500CBDE008E73C0 /* Sources */,
				4C5F91B82500CBDE008E73C0 /* Frameworks */,
				4C5F91B92500CBDE008E73C0 /* Resources */,
				6AD34E24FF8BB70F07D27756 /* [CP] Embed Pods Frameworks */,
				6A436FF300AD0505A3BEE7E8 /* [CP] Copy Pods Resources */,
			);
			buildRules = (
			);
			dependencies = (
			);
			name = GameProject;
			productName = GameProject;
			productReference = 4C5F91BB2500CBDE008E73C0 /* GameProject.app */;
			productType = "com.apple.product-type.application";
		};
/* End PBXNativeTarget section */

/* Begin PBXProject section */
		4C5F91B32500CBDE008E73C0 /* Project object */ = {
			isa = PBXProject;
			attributes = {
				LastSwiftUpdateCheck = 1160;
				LastUpgradeCheck = 1160;
				ORGANIZATIONNAME = "Vu Xuan Cuong";
				TargetAttributes = {
					4C5F91BA2500CBDE008E73C0 = {
						CreatedOnToolsVersion = 11.6;
					};
				};
			};
			buildConfigurationList = 4C5F91B62500CBDE008E73C0 /* Build configuration list for PBXProject "GameProject" */;
			compatibilityVersion = "Xcode 9.3";
			developmentRegion = en;
			hasScannedForEncodings = 0;
			knownRegions = (
				en,
				Base,
			);
			mainGroup = 4C5F91B22500CBDE008E73C0;
			productRefGroup = 4C5F91BC2500CBDE008E73C0 /* Products */;
			projectDirPath = "";
			projectRoot = "";
			targets = (
				4C5F91BA2500CBDE008E73C0 /* GameProject */,
			);
		};
/* End PBXProject section */

/* Begin PBXResourcesBuildPhase section */
		4C5F91B92500CBDE008E73C0 /* Resources */ = {
			isa = PBXResourcesBuildPhase;
			buildActionMask = 2147483647;
			files = (
				4C5F91CB2500CBE0008E73C0 /* LaunchScreen.storyboard in Resources */,
				4C5F91DD2500DB6B008E73C0 /* GoogleService-Info.plist in Resources */,
				4CC113062504FE0C005E139B /* AnswerTableViewCell.xib in Resources */,
				4C5F91C82500CBE0008E73C0 /* Assets.xcassets in Resources */,
				4C5F91C62500CBDE008E73C0 /* Main.storyboard in Resources */,
			);
			runOnlyForDeploymentPostprocessing = 0;
		};
/* End PBXResourcesBuildPhase section */

/* Begin PBXShellScriptBuildPhase section */
		0D48C1A162D3292C2A69D025 /* [CP] Check Pods Manifest.lock */ = {
			isa = PBXShellScriptBuildPhase;
			buildActionMask = 2147483647;
			files = (
			);
			inputFileListPaths = (
			);
			inputPaths = (
				"${PODS_PODFILE_DIR_PATH}/Podfile.lock",
				"${PODS_ROOT}/Manifest.lock",
			);
			name = "[CP] Check Pods Manifest.lock";
			outputFileListPaths = (
			);
			outputPaths = (
				"$(DERIVED_FILE_DIR)/Pods-GameProject-checkManifestLockResult.txt",
			);
			runOnlyForDeploymentPostprocessing = 0;
			shellPath = /bin/sh;
			shellScript = "diff \"${PODS_PODFILE_DIR_PATH}/Podfile.lock\" \"${PODS_ROOT}/Manifest.lock\" > /dev/null\nif [ $? != 0 ] ; then\n    # print error to STDERR\n    echo \"error: The sandbox is not in sync with the Podfile.lock. Run 'pod install' or update your CocoaPods installation.\" >&2\n    exit 1\nfi\n# This output is used by Xcode 'outputs' to avoid re-running this script phase.\necho \"SUCCESS\" > \"${SCRIPT_OUTPUT_FILE_0}\"\n";
			showEnvVarsInLog = 0;
		};
		6A436FF300AD0505A3BEE7E8 /* [CP] Copy Pods Resources */ = {
			isa = PBXShellScriptBuildPhase;
			buildActionMask = 2147483647;
			files = (
			);
			inputFileListPaths = (
				"${PODS_ROOT}/Target Support Files/Pods-GameProject/Pods-GameProject-resources-${CONFIGURATION}-input-files.xcfilelist",
			);
			name = "[CP] Copy Pods Resources";
			outputFileListPaths = (
				"${PODS_ROOT}/Target Support Files/Pods-GameProject/Pods-GameProject-resources-${CONFIGURATION}-output-files.xcfilelist",
			);
			runOnlyForDeploymentPostprocessing = 0;
			shellPath = /bin/sh;
			shellScript = "\"${PODS_ROOT}/Target Support Files/Pods-GameProject/Pods-GameProject-resources.sh\"\n";
			showEnvVarsInLog = 0;
		};
		6AD34E24FF8BB70F07D27756 /* [CP] Embed Pods Frameworks */ = {
			isa = PBXShellScriptBuildPhase;
			buildActionMask = 2147483647;
			files = (
			);
			inputFileListPaths = (
				"${PODS_ROOT}/Target Support Files/Pods-GameProject/Pods-GameProject-frameworks-${CONFIGURATION}-input-files.xcfilelist",
			);
			name = "[CP] Embed Pods Frameworks";
			outputFileListPaths = (
				"${PODS_ROOT}/Target Support Files/Pods-GameProject/Pods-GameProject-frameworks-${CONFIGURATION}-output-files.xcfilelist",
			);
			runOnlyForDeploymentPostprocessing = 0;
			shellPath = /bin/sh;
			shellScript = "\"${PODS_ROOT}/Target Support Files/Pods-GameProject/Pods-GameProject-frameworks.sh\"\n";
			showEnvVarsInLog = 0;
		};
/* End PBXShellScriptBuildPhase section */

/* Begin PBXSourcesBuildPhase section */
		4C5F91B72500CBDE008E73C0 /* Sources */ = {
			isa = PBXSourcesBuildPhase;
			buildActionMask = 2147483647;
			files = (
				4C5F91D92500D35A008E73C0 /* GameViewController.swift in Sources */,
				10274CD125038D5E003D5442 /* Question.swift in Sources */,
				4C5F91D72500D344008E73C0 /* CategoryViewController.swift in Sources */,
				4C5F91C32500CBDE008E73C0 /* LoginViewController.swift in Sources */,
				4CC113052504FE0C005E139B /* AnswerTableViewCell.swift in Sources */,
				4C5F91BF2500CBDE008E73C0 /* AppDelegate.swift in Sources */,
				4C5F91C12500CBDE008E73C0 /* SceneDelegate.swift in Sources */,
				4C5F91E02500F570008E73C0 /* FirebaseChild.swift in Sources */,
				4C5F91DB2500D368008E73C0 /* ScoreViewController.swift in Sources */,
			);
			runOnlyForDeploymentPostprocessing = 0;
		};
/* End PBXSourcesBuildPhase section */

/* Begin PBXVariantGroup section */
		4C5F91C42500CBDE008E73C0 /* Main.storyboard */ = {
			isa = PBXVariantGroup;
			children = (
				4C5F91C52500CBDE008E73C0 /* Base */,
			);
			name = Main.storyboard;
			sourceTree = "<group>";
		};
		4C5F91C92500CBE0008E73C0 /* LaunchScreen.storyboard */ = {
			isa = PBXVariantGroup;
			children = (
				4C5F91CA2500CBE0008E73C0 /* Base */,
			);
			name = LaunchScreen.storyboard;
			sourceTree = "<group>";
		};
/* End PBXVariantGroup section */

/* Begin XCBuildConfiguration section */
		4C5F91CD2500CBE0008E73C0 /* Debug */ = {
			isa = XCBuildConfiguration;
			buildSettings = {
				ALWAYS_SEARCH_USER_PATHS = NO;
				CLANG_ANALYZER_NONNULL = YES;
				CLANG_ANALYZER_NUMBER_OBJECT_CONVERSION = YES_AGGRESSIVE;
				CLANG_CXX_LANGUAGE_STANDARD = "gnu++14";
				CLANG_CXX_LIBRARY = "libc++";
				CLANG_ENABLE_MODULES = YES;
				CLANG_ENABLE_OBJC_ARC = YES;
				CLANG_ENABLE_OBJC_WEAK = YES;
				CLANG_WARN_BLOCK_CAPTURE_AUTORELEASING = YES;
				CLANG_WARN_BOOL_CONVERSION = YES;
				CLANG_WARN_COMMA = YES;
				CLANG_WARN_CONSTANT_CONVERSION = YES;
				CLANG_WARN_DEPRECATED_OBJC_IMPLEMENTATIONS = YES;
				CLANG_WARN_DIRECT_OBJC_ISA_USAGE = YES_ERROR;
				CLANG_WARN_DOCUMENTATION_COMMENTS = YES;
				CLANG_WARN_EMPTY_BODY = YES;
				CLANG_WARN_ENUM_CONVERSION = YES;
				CLANG_WARN_INFINITE_RECURSION = YES;
				CLANG_WARN_INT_CONVERSION = YES;
				CLANG_WARN_NON_LITERAL_NULL_CONVERSION = YES;
				CLANG_WARN_OBJC_IMPLICIT_RETAIN_SELF = YES;
				CLANG_WARN_OBJC_LITERAL_CONVERSION = YES;
				CLANG_WARN_OBJC_ROOT_CLASS = YES_ERROR;
				CLANG_WARN_RANGE_LOOP_ANALYSIS = YES;
				CLANG_WARN_STRICT_PROTOTYPES = YES;
				CLANG_WARN_SUSPICIOUS_MOVE = YES;
				CLANG_WARN_UNGUARDED_AVAILABILITY = YES_AGGRESSIVE;
				CLANG_WARN_UNREACHABLE_CODE = YES;
				CLANG_WARN__DUPLICATE_METHOD_MATCH = YES;
				COPY_PHASE_STRIP = NO;
				DEBUG_INFORMATION_FORMAT = dwarf;
				ENABLE_STRICT_OBJC_MSGSEND = YES;
				ENABLE_TESTABILITY = YES;
				GCC_C_LANGUAGE_STANDARD = gnu11;
				GCC_DYNAMIC_NO_PIC = NO;
				GCC_NO_COMMON_BLOCKS = YES;
				GCC_OPTIMIZATION_LEVEL = 0;
				GCC_PREPROCESSOR_DEFINITIONS = (
					"DEBUG=1",
					"$(inherited)",
				);
				GCC_WARN_64_TO_32_BIT_CONVERSION = YES;
				GCC_WARN_ABOUT_RETURN_TYPE = YES_ERROR;
				GCC_WARN_UNDECLARED_SELECTOR = YES;
				GCC_WARN_UNINITIALIZED_AUTOS = YES_AGGRESSIVE;
				GCC_WARN_UNUSED_FUNCTION = YES;
				GCC_WARN_UNUSED_VARIABLE = YES;
				IPHONEOS_DEPLOYMENT_TARGET = 13.2;
				MTL_ENABLE_DEBUG_INFO = INCLUDE_SOURCE;
				MTL_FAST_MATH = YES;
				ONLY_ACTIVE_ARCH = YES;
				SDKROOT = iphoneos;
				SWIFT_ACTIVE_COMPILATION_CONDITIONS = DEBUG;
				SWIFT_OPTIMIZATION_LEVEL = "-Onone";
			};
			name = Debug;
		};
		4C5F91CE2500CBE0008E73C0 /* Release */ = {
			isa = XCBuildConfiguration;
			buildSettings = {
				ALWAYS_SEARCH_USER_PATHS = NO;
				CLANG_ANALYZER_NONNULL = YES;
				CLANG_ANALYZER_NUMBER_OBJECT_CONVERSION = YES_AGGRESSIVE;
				CLANG_CXX_LANGUAGE_STANDARD = "gnu++14";
				CLANG_CXX_LIBRARY = "libc++";
				CLANG_ENABLE_MODULES = YES;
				CLANG_ENABLE_OBJC_ARC = YES;
				CLANG_ENABLE_OBJC_WEAK = YES;
				CLANG_WARN_BLOCK_CAPTURE_AUTORELEASING = YES;
				CLANG_WARN_BOOL_CONVERSION = YES;
				CLANG_WARN_COMMA = YES;
				CLANG_WARN_CONSTANT_CONVERSION = YES;
				CLANG_WARN_DEPRECATED_OBJC_IMPLEMENTATIONS = YES;
				CLANG_WARN_DIRECT_OBJC_ISA_USAGE = YES_ERROR;
				CLANG_WARN_DOCUMENTATION_COMMENTS = YES;
				CLANG_WARN_EMPTY_BODY = YES;
				CLANG_WARN_ENUM_CONVERSION = YES;
				CLANG_WARN_INFINITE_RECURSION = YES;
				CLANG_WARN_INT_CONVERSION = YES;
				CLANG_WARN_NON_LITERAL_NULL_CONVERSION = YES;
				CLANG_WARN_OBJC_IMPLICIT_RETAIN_SELF = YES;
				CLANG_WARN_OBJC_LITERAL_CONVERSION = YES;
				CLANG_WARN_OBJC_ROOT_CLASS = YES_ERROR;
				CLANG_WARN_RANGE_LOOP_ANALYSIS = YES;
				CLANG_WARN_STRICT_PROTOTYPES = YES;
				CLANG_WARN_SUSPICIOUS_MOVE = YES;
				CLANG_WARN_UNGUARDED_AVAILABILITY = YES_AGGRESSIVE;
				CLANG_WARN_UNREACHABLE_CODE = YES;
				CLANG_WARN__DUPLICATE_METHOD_MATCH = YES;
				COPY_PHASE_STRIP = NO;
				DEBUG_INFORMATION_FORMAT = "dwarf-with-dsym";
				ENABLE_NS_ASSERTIONS = NO;
				ENABLE_STRICT_OBJC_MSGSEND = YES;
				GCC_C_LANGUAGE_STANDARD = gnu11;
				GCC_NO_COMMON_BLOCKS = YES;
				GCC_WARN_64_TO_32_BIT_CONVERSION = YES;
				GCC_WARN_ABOUT_RETURN_TYPE = YES_ERROR;
				GCC_WARN_UNDECLARED_SELECTOR = YES;
				GCC_WARN_UNINITIALIZED_AUTOS = YES_AGGRESSIVE;
				GCC_WARN_UNUSED_FUNCTION = YES;
				GCC_WARN_UNUSED_VARIABLE = YES;
				IPHONEOS_DEPLOYMENT_TARGET = 13.2;
				MTL_ENABLE_DEBUG_INFO = NO;
				MTL_FAST_MATH = YES;
				SDKROOT = iphoneos;
				SWIFT_COMPILATION_MODE = wholemodule;
				SWIFT_OPTIMIZATION_LEVEL = "-O";
				VALIDATE_PRODUCT = YES;
			};
			name = Release;
		};
		4C5F91D02500CBE0008E73C0 /* Debug */ = {
			isa = XCBuildConfiguration;
			baseConfigurationReference = 6A517072E4C3C2573D1E8FAE /* Pods-GameProject.debug.xcconfig */;
			buildSettings = {
				ASSETCATALOG_COMPILER_APPICON_NAME = AppIcon;
				CODE_SIGN_STYLE = Automatic;
				INFOPLIST_FILE = GameProject/Info.plist;
				LD_RUNPATH_SEARCH_PATHS = (
					"$(inherited)",
					"@executable_path/Frameworks",
				);
				PRODUCT_BUNDLE_IDENTIFIER = IOS.GameProject;
				PRODUCT_NAME = "$(TARGET_NAME)";
				SWIFT_VERSION = 5.0;
				TARGETED_DEVICE_FAMILY = "1,2";
			};
			name = Debug;
		};
		4C5F91D12500CBE0008E73C0 /* Release */ = {
			isa = XCBuildConfiguration;
			baseConfigurationReference = 47680056CF5571CB3105F1FE /* Pods-GameProject.release.xcconfig */;
			buildSettings = {
				ASSETCATALOG_COMPILER_APPICON_NAME = AppIcon;
				CODE_SIGN_STYLE = Automatic;
				INFOPLIST_FILE = GameProject/Info.plist;
				LD_RUNPATH_SEARCH_PATHS = (
					"$(inherited)",
					"@executable_path/Frameworks",
				);
				PRODUCT_BUNDLE_IDENTIFIER = IOS.GameProject;
				PRODUCT_NAME = "$(TARGET_NAME)";
				SWIFT_VERSION = 5.0;
				TARGETED_DEVICE_FAMILY = "1,2";
			};
			name = Release;
		};
/* End XCBuildConfiguration section */

/* Begin XCConfigurationList section */
		4C5F91B62500CBDE008E73C0 /* Build configuration list for PBXProject "GameProject" */ = {
			isa = XCConfigurationList;
			buildConfigurations = (
				4C5F91CD2500CBE0008E73C0 /* Debug */,
				4C5F91CE2500CBE0008E73C0 /* Release */,
			);
			defaultConfigurationIsVisible = 0;
			defaultConfigurationName = Release;
		};
		4C5F91CF2500CBE0008E73C0 /* Build configuration list for PBXNativeTarget "GameProject" */ = {
			isa = XCConfigurationList;
			buildConfigurations = (
				4C5F91D02500CBE0008E73C0 /* Debug */,
				4C5F91D12500CBE0008E73C0 /* Release */,
			);
			defaultConfigurationIsVisible = 0;
			defaultConfigurationName = Release;
		};
/* End XCConfigurationList section */
	};
	rootObject = 4C5F91B32500CBDE008E73C0 /* Project object */;
}
